
Microsoft Visual Studio Solution File, Format Version 12.00
# Visual Studio Version 17
VisualStudioVersion = 17.11.35208.52
MinimumVisualStudioVersion = 10.0.40219.1
Project("{FAE04EC0-301F-11D3-BF4B-00C04F79EFBC}") = "login database", "login database.csproj", "{28956650-F019-4977-B004-1BE2148A4343}"
EndProject
Global
	GlobalSection(SolutionConfigurationPlatforms) = preSolution
		Debug|Any CPU = Debug|Any CPU
		Release|Any CPU = Release|Any CPU
	EndGlobalSection
	GlobalSection(ProjectConfigurationPlatforms) = postSolution
		{28956650-F019-4977-B004-1BE2148A4343}.Debug|Any CPU.ActiveCfg = Debug|Any CPU
		{28956650-F019-4977-B004-1BE2148A4343}.Debug|Any CPU.Build.0 = Debug|Any CPU
		{28956650-F019-4977-B004-1BE2148A4343}.Release|Any CPU.ActiveCfg = Release|Any CPU
		{28956650-F019-4977-B004-1BE2148A4343}.Release|Any CPU.Build.0 = Release|Any CPU
	EndGlobalSection
	GlobalSection(SolutionProperties) = preSolution
		HideSolutionNode = FALSE
	EndGlobalSection
	GlobalSection(ExtensibilityGlobals) = postSolution
		SolutionGuid = {B615AF34-DA0C-41D5-B03B-FD7EA0BE28B2}
	EndGlobalSection
EndGlobal
